
Microsoft Visual Studio Solution File, Format Version 12.00
# Visual Studio Version 17
VisualStudioVersion = 17.0.31903.59
MinimumVisualStudioVersion = 10.0.40219.1
Project("{FAE04EC0-301F-11D3-BF4B-00C04F79EFBC}") = "RadSchedulViewTest", "RadSchedulViewTest\RadSchedulViewTest.csproj", "{BBEBBB2B-3F96-4F41-9AE7-6F66A7BAC061}"
EndProject
Global
	GlobalSection(SolutionConfigurationPlatforms) = preSolution
		Debug|Any CPU = Debug|Any CPU
		Release|Any CPU = Release|Any CPU
	EndGlobalSection
	GlobalSection(ProjectConfigurationPlatforms) = postSolution
		{BBEBBB2B-3F96-4F41-9AE7-6F66A7BAC061}.Debug|Any CPU.ActiveCfg = Debug|Any CPU
		{BBEBBB2B-3F96-4F41-9AE7-6F66A7BAC061}.Debug|Any CPU.Build.0 = Debug|Any CPU
		{BBEBBB2B-3F96-4F41-9AE7-6F66A7BAC061}.Release|Any CPU.ActiveCfg = Release|Any CPU
		{BBEBBB2B-3F96-4F41-9AE7-6F66A7BAC061}.Release|Any CPU.Build.0 = Release|Any CPU
	EndGlobalSection
	GlobalSection(SolutionProperties) = preSolution
		HideSolutionNode = FALSE
	EndGlobalSection
	GlobalSection(ExtensibilityGlobals) = postSolution
		SolutionGuid = {0F4E5C8E-0FD1-47F5-920F-E845C6E1C391}
	EndGlobalSection
EndGlobal
